
Microsoft Visual Studio Solution File, Format Version 12.00
# Visual Studio 2013
VisualStudioVersion = 12.0.30501.0
MinimumVisualStudioVersion = 10.0.40219.1
Project("{FAE04EC0-301F-11D3-BF4B-00C04F79EFBC}") = "MudRoom.Parser", "MudRoom.Parser\MudRoom.Parser.csproj", "{E7088C0F-28A7-4360-ADA9-C6671128E5C0}"
EndProject
Project("{FAE04EC0-301F-11D3-BF4B-00C04F79EFBC}") = "MudRoom.IO", "MudRoom.IO\MudRoom.IO.csproj", "{FE59A737-7405-47A7-B573-F2665AA0AB61}"
EndProject
Project("{FAE04EC0-301F-11D3-BF4B-00C04F79EFBC}") = "MudRoom.Actions", "MudRoom.Actions\MudRoom.Actions.csproj", "{7F3F6971-4F13-42BA-BA50-27F7B0EBCE7A}"
EndProject
Global
	GlobalSection(SolutionConfigurationPlatforms) = preSolution
		Debug|Any CPU = Debug|Any CPU
		Release|Any CPU = Release|Any CPU
	EndGlobalSection
	GlobalSection(ProjectConfigurationPlatforms) = postSolution
		{E7088C0F-28A7-4360-ADA9-C6671128E5C0}.Debug|Any CPU.ActiveCfg = Debug|Any CPU
		{E7088C0F-28A7-4360-ADA9-C6671128E5C0}.Debug|Any CPU.Build.0 = Debug|Any CPU
		{E7088C0F-28A7-4360-ADA9-C6671128E5C0}.Release|Any CPU.ActiveCfg = Release|Any CPU
		{E7088C0F-28A7-4360-ADA9-C6671128E5C0}.Release|Any CPU.Build.0 = Release|Any CPU
		{FE59A737-7405-47A7-B573-F2665AA0AB61}.Debug|Any CPU.ActiveCfg = Debug|Any CPU
		{FE59A737-7405-47A7-B573-F2665AA0AB61}.Debug|Any CPU.Build.0 = Debug|Any CPU
		{FE59A737-7405-47A7-B573-F2665AA0AB61}.Release|Any CPU.ActiveCfg = Release|Any CPU
		{FE59A737-7405-47A7-B573-F2665AA0AB61}.Release|Any CPU.Build.0 = Release|Any CPU
		{7F3F6971-4F13-42BA-BA50-27F7B0EBCE7A}.Debug|Any CPU.ActiveCfg = Debug|Any CPU
		{7F3F6971-4F13-42BA-BA50-27F7B0EBCE7A}.Debug|Any CPU.Build.0 = Debug|Any CPU
		{7F3F6971-4F13-42BA-BA50-27F7B0EBCE7A}.Release|Any CPU.ActiveCfg = Release|Any CPU
		{7F3F6971-4F13-42BA-BA50-27F7B0EBCE7A}.Release|Any CPU.Build.0 = Release|Any CPU
	EndGlobalSection
	GlobalSection(SolutionProperties) = preSolution
		HideSolutionNode = FALSE
	EndGlobalSection
EndGlobal
